
Microsoft Visual Studio Solution File, Format Version 11.00
# Visual Studio 2010
Project("{FAE04EC0-301F-11D3-BF4B-00C04F79EFBC}") = "NewspaperDesigner", "NewspaperDesigner\NewspaperDesigner.csproj", "{6101E2B2-F73B-4A74-8BF2-72FA8B47721F}"
EndProject
Project("{FAE04EC0-301F-11D3-BF4B-00C04F79EFBC}") = "NewsPaperControl", "NewsPaperControl\NewsPaperControl.csproj", "{48BD0E6A-CA44-4CC6-99A4-02167013EA1F}"
EndProject
Global
	GlobalSection(SolutionConfigurationPlatforms) = preSolution
		Debug|Any CPU = Debug|Any CPU
		Release|Any CPU = Release|Any CPU
	EndGlobalSection
	GlobalSection(ProjectConfigurationPlatforms) = postSolution
		{6101E2B2-F73B-4A74-8BF2-72FA8B47721F}.Debug|Any CPU.ActiveCfg = Debug|Any CPU
		{6101E2B2-F73B-4A74-8BF2-72FA8B47721F}.Debug|Any CPU.Build.0 = Debug|Any CPU
		{6101E2B2-F73B-4A74-8BF2-72FA8B47721F}.Release|Any CPU.ActiveCfg = Release|Any CPU
		{6101E2B2-F73B-4A74-8BF2-72FA8B47721F}.Release|Any CPU.Build.0 = Release|Any CPU
		{48BD0E6A-CA44-4CC6-99A4-02167013EA1F}.Debug|Any CPU.ActiveCfg = Debug|Any CPU
		{48BD0E6A-CA44-4CC6-99A4-02167013EA1F}.Debug|Any CPU.Build.0 = Debug|Any CPU
		{48BD0E6A-CA44-4CC6-99A4-02167013EA1F}.Release|Any CPU.ActiveCfg = Release|Any CPU
		{48BD0E6A-CA44-4CC6-99A4-02167013EA1F}.Release|Any CPU.Build.0 = Release|Any CPU
	EndGlobalSection
	GlobalSection(SolutionProperties) = preSolution
		HideSolutionNode = FALSE
	EndGlobalSection
EndGlobal
